{
  "name": "kiosque",
  "version": "0.1.0",
  "lockfileVersion": 3,
  "requires": true,
  "packages": {
    "": {
      "name": "kiosque",
      "version": "0.1.0",
      "license": "GPL-2.0-only",
      "dependencies": {
        "marked": "^18.0.7",
        "yaml": "^2.9.0"
      },
      "bin": {
        "kiosque": "packages/pipeline/src/cli.ts"
      },
      "devDependencies": {
        "@electric-sql/pglite": "0.5.4",
        "@playwright/test": "1.62.0"
      },
      "engines": {
        "node": ">=22.18"
      }
    },
    "node_modules/@electric-sql/pglite": {
      "version": "0.5.4",
      "resolved": "https://registry.npmjs.org/@electric-sql/pglite/-/pglite-0.5.4.tgz",
      "integrity": "sha512-yYZUyyXrHU7tPlCjwZQJ6hIG9DscdCCn7Uk0mYKwC1FeHX286AbcmFveMiRBEak8e9iPupjsoVImN3yJZVed2g==",
      "dev": true,
      "license": "Apache-2.0"
    },
    "node_modules/@playwright/test": {
      "version": "1.62.0",
      "resolved": "https://registry.npmjs.org/@playwright/test/-/test-1.62.0.tgz",
      "integrity": "sha512-9zOJ6ZQRAena31MpOH9VSzIz8Ou3YJ/wtY/eQm5T2uhfhG7/U3COrMS8xOtUrZrp9OgdmzEnIYODye3nY1VqzA==",
      "dev": true,
      "license": "Apache-2.0",
      "dependencies": {
        "playwright": "1.62.0"
      },
      "bin": {
        "playwright": "cli.js"
      },
      "engines": {
        "node": ">=20"
      }
    },
    "node_modules/fsevents": {
      "version": "2.3.2",
      "resolved": "https://registry.npmjs.org/fsevents/-/fsevents-2.3.2.tgz",
      "integrity": "sha512-xiqMQR4xAeHTuB9uWm+fFRcIOgKBMiOBP+eXiyT7jsgVCq1bkVygt00oASowB7EdtpOHaaPgKt812P9ab+DDKA==",
      "dev": true,
      "hasInstallScript": true,
      "license": "MIT",
      "optional": true,
      "os": [
        "darwin"
      ],
      "engines": {
        "node": "^8.16.0 || ^10.6.0 || >=11.0.0"
      }
    },
    "node_modules/marked": {
      "version": "18.0.7",
      "resolved": "https://registry.npmjs.org/marked/-/marked-18.0.7.tgz",
      "integrity": "sha512-iDVQ5ldaiKXn6b2JroX5kgRfmwgqolW7NpaEzTl1k/2Zh1njIEN9yniyLV/mOvWwtsE8OGgkjsCYvijuPk1dtA==",
      "license": "MIT",
      "bin": {
        "marked": "bin/marked.js"
      },
      "engines": {
        "node": ">= 20"
      }
    },
    "node_modules/playwright": {
      "version": "1.62.0",
      "resolved": "https://registry.npmjs.org/playwright/-/playwright-1.62.0.tgz",
      "integrity": "sha512-Z14dG305dgaLu6foB1TXQagFiW8JfSUIUaUuPaKQ6NtBPKF1P/qXcqfh6c6K/icPqdy37JmjbiBXf6JNg6Sylw==",
      "dev": true,
      "license": "Apache-2.0",
      "dependencies": {
        "playwright-core": "1.62.0"
      },
      "bin": {
        "playwright": "cli.js"
      },
      "engines": {
        "node": ">=20"
      },
      "optionalDependencies": {
        "fsevents": "2.3.2"
      }
    },
    "node_modules/playwright-core": {
      "version": "1.62.0",
      "resolved": "https://registry.npmjs.org/playwright-core/-/playwright-core-1.62.0.tgz",
      "integrity": "sha512-nsNRyq0r2zsG8AcRHWknc9QRA5XCueC7gWMrs+Gx2tlZn9hcl8zudfh00lhJPY1DE7NmZ6bDsT9g2yey8mXljA==",
      "dev": true,
      "license": "Apache-2.0",
      "bin": {
        "playwright-core": "cli.js"
      },
      "engines": {
        "node": ">=20"
      }
    },
    "node_modules/yaml": {
      "version": "2.9.0",
      "resolved": "https://registry.npmjs.org/yaml/-/yaml-2.9.0.tgz",
      "integrity": "sha512-2AvhNX3mb8zd6Zy7INTtSpl1F15HW6Wnqj0srWlkKLcpYl/gMIMJiyuGq2KeI2YFxUPjdlB+3Lc10seMLtL4cA==",
      "license": "ISC",
      "bin": {
        "yaml": "bin.mjs"
      },
      "engines": {
        "node": ">= 14.6"
      },
      "funding": {
        "url": "https://github.com/sponsors/eemeli"
      }
    }
  }
}
